
Microsoft Visual Studio Solution File, Format Version 12.00
# Visual Studio 2013
VisualStudioVersion = 12.0.31101.0
MinimumVisualStudioVersion = 10.0.40219.1
Project("{FAE04EC0-301F-11D3-BF4B-00C04F79EFBC}") = "CZN_Prilozhenie.ODataBackend", "ODataBackend/CZN_Prilozhenie.ODataBackend.csproj", "{4D3E9962-9173-4DF1-95EE-7FEBA304B1EB}"
EndProject
Project("{FAE04EC0-301F-11D3-BF4B-00C04F79EFBC}") = "CZN_Prilozhenie.Objects", "Objects/CZN_Prilozhenie.Objects.csproj", "{B18E4657-308E-4715-B77E-82CEDBE71294}"
EndProject
Global
	GlobalSection(SolutionConfigurationPlatforms) = preSolution
Debug|Any CPU = Debug|Any CPU
Release|Any CPU = Release|Any CPU
	EndGlobalSection
	GlobalSection(ProjectConfigurationPlatforms) = postSolution
		{4D3E9962-9173-4DF1-95EE-7FEBA304B1EB}.Debug|Any CPU.ActiveCfg = Debug|Any CPU
		{4D3E9962-9173-4DF1-95EE-7FEBA304B1EB}.Debug|Any CPU.Build.0 = Debug|Any CPU
		{4D3E9962-9173-4DF1-95EE-7FEBA304B1EB}.Release|Any CPU.ActiveCfg = Release|Any CPU
		{4D3E9962-9173-4DF1-95EE-7FEBA304B1EB}.Release|Any CPU.Build.0 = Release|Any CPU
		{B18E4657-308E-4715-B77E-82CEDBE71294}.Debug|Any CPU.ActiveCfg = Debug|Any CPU
		{B18E4657-308E-4715-B77E-82CEDBE71294}.Debug|Any CPU.Build.0 = Debug|Any CPU
		{B18E4657-308E-4715-B77E-82CEDBE71294}.Release|Any CPU.ActiveCfg = Release|Any CPU
		{B18E4657-308E-4715-B77E-82CEDBE71294}.Release|Any CPU.Build.0 = Release|Any CPU
	EndGlobalSection
	GlobalSection(SolutionProperties) = preSolution
		HideSolutionNode = FALSE
	EndGlobalSection
EndGlobal
